
Microsoft Visual Studio Solution File, Format Version 12.00
# Visual Studio Version 17
VisualStudioVersion = 17.8.34330.188
MinimumVisualStudioVersion = 10.0.40219.1
Project("{8BC9CEB8-8B4A-11D0-8D11-00A0C91BC942}") = "Project1", "Project1\Project1.vcxproj", "{97955D63-2141-482D-8372-178012D20CBB}"
EndProject
Global
	GlobalSection(SolutionConfigurationPlatforms) = preSolution
		Debug|x64 = Debug|x64
		Debug|x86 = Debug|x86
		Release|x64 = Release|x64
		Release|x86 = Release|x86
	EndGlobalSection
	GlobalSection(ProjectConfigurationPlatforms) = postSolution
		{97955D63-2141-482D-8372-178012D20CBB}.Debug|x64.ActiveCfg = Debug|x64
		{97955D63-2141-482D-8372-178012D20CBB}.Debug|x64.Build.0 = Debug|x64
		{97955D63-2141-482D-8372-178012D20CBB}.Debug|x86.ActiveCfg = Debug|Win32
		{97955D63-2141-482D-8372-178012D20CBB}.Debug|x86.Build.0 = Debug|Win32
		{97955D63-2141-482D-8372-178012D20CBB}.Release|x64.ActiveCfg = Release|x64
		{97955D63-2141-482D-8372-178012D20CBB}.Release|x64.Build.0 = Release|x64
		{97955D63-2141-482D-8372-178012D20CBB}.Release|x86.ActiveCfg = Release|Win32
		{97955D63-2141-482D-8372-178012D20CBB}.Release|x86.Build.0 = Release|Win32
	EndGlobalSection
	GlobalSection(SolutionProperties) = preSolution
		HideSolutionNode = FALSE
	EndGlobalSection
	GlobalSection(ExtensibilityGlobals) = postSolution
		SolutionGuid = {4BD6B21A-0A48-49EF-A025-8356BD2F5F64}
	EndGlobalSection
EndGlobal
