
Microsoft Visual Studio Solution File, Format Version 12.00
# Visual Studio Version 17
VisualStudioVersion = 17.8.34330.188
MinimumVisualStudioVersion = 10.0.40219.1
Project("{8BC9CEB8-8B4A-11D0-8D11-00A0C91BC942}") = "240201_이진트리", "240201_이진트리\240201_이진트리.vcxproj", "{F7E443B3-5EE0-4DA5-AFBE-CC8AEDED4894}"
EndProject
Global
	GlobalSection(SolutionConfigurationPlatforms) = preSolution
		Debug|x64 = Debug|x64
		Debug|x86 = Debug|x86
		Release|x64 = Release|x64
		Release|x86 = Release|x86
	EndGlobalSection
	GlobalSection(ProjectConfigurationPlatforms) = postSolution
		{F7E443B3-5EE0-4DA5-AFBE-CC8AEDED4894}.Debug|x64.ActiveCfg = Debug|x64
		{F7E443B3-5EE0-4DA5-AFBE-CC8AEDED4894}.Debug|x64.Build.0 = Debug|x64
		{F7E443B3-5EE0-4DA5-AFBE-CC8AEDED4894}.Debug|x86.ActiveCfg = Debug|Win32
		{F7E443B3-5EE0-4DA5-AFBE-CC8AEDED4894}.Debug|x86.Build.0 = Debug|Win32
		{F7E443B3-5EE0-4DA5-AFBE-CC8AEDED4894}.Release|x64.ActiveCfg = Release|x64
		{F7E443B3-5EE0-4DA5-AFBE-CC8AEDED4894}.Release|x64.Build.0 = Release|x64
		{F7E443B3-5EE0-4DA5-AFBE-CC8AEDED4894}.Release|x86.ActiveCfg = Release|Win32
		{F7E443B3-5EE0-4DA5-AFBE-CC8AEDED4894}.Release|x86.Build.0 = Release|Win32
	EndGlobalSection
	GlobalSection(SolutionProperties) = preSolution
		HideSolutionNode = FALSE
	EndGlobalSection
	GlobalSection(ExtensibilityGlobals) = postSolution
		SolutionGuid = {EAB45928-2018-45BE-A661-00021C9BC238}
	EndGlobalSection
EndGlobal
