
Microsoft Visual Studio Solution File, Format Version 12.00
# Visual Studio Version 17
VisualStudioVersion = 17.8.34330.188
MinimumVisualStudioVersion = 10.0.40219.1
Project("{8BC9CEB8-8B4A-11D0-8D11-00A0C91BC942}") = "0109_메모리", "0109_메모리\0109_메모리.vcxproj", "{6AA3C082-465F-433A-9103-B770B1FF9AAE}"
EndProject
Global
	GlobalSection(SolutionConfigurationPlatforms) = preSolution
		Debug|x64 = Debug|x64
		Debug|x86 = Debug|x86
		Release|x64 = Release|x64
		Release|x86 = Release|x86
	EndGlobalSection
	GlobalSection(ProjectConfigurationPlatforms) = postSolution
		{6AA3C082-465F-433A-9103-B770B1FF9AAE}.Debug|x64.ActiveCfg = Debug|x64
		{6AA3C082-465F-433A-9103-B770B1FF9AAE}.Debug|x64.Build.0 = Debug|x64
		{6AA3C082-465F-433A-9103-B770B1FF9AAE}.Debug|x86.ActiveCfg = Debug|Win32
		{6AA3C082-465F-433A-9103-B770B1FF9AAE}.Debug|x86.Build.0 = Debug|Win32
		{6AA3C082-465F-433A-9103-B770B1FF9AAE}.Release|x64.ActiveCfg = Release|x64
		{6AA3C082-465F-433A-9103-B770B1FF9AAE}.Release|x64.Build.0 = Release|x64
		{6AA3C082-465F-433A-9103-B770B1FF9AAE}.Release|x86.ActiveCfg = Release|Win32
		{6AA3C082-465F-433A-9103-B770B1FF9AAE}.Release|x86.Build.0 = Release|Win32
	EndGlobalSection
	GlobalSection(SolutionProperties) = preSolution
		HideSolutionNode = FALSE
	EndGlobalSection
	GlobalSection(ExtensibilityGlobals) = postSolution
		SolutionGuid = {E72BAF56-ECD6-4F08-8747-A59990454A44}
	EndGlobalSection
EndGlobal
